{
  "lockfileVersion": 1,
  "configVersion": 1,
  "workspaces": {
    "": {
      "name": "koda",
      "devDependencies": {
        "@types/node": "^22.14.0",
        "typescript": "~5.8.2",
      },
    },
    "packages/bridge": {
      "name": "@koda/bridge",
      "version": "0.1.0",
      "dependencies": {
        "@koda/signals": "workspace:*",
      },
      "peerDependencies": {
        "react": ">=18",
        "react-dom": ">=18",
      },
    },
    "packages/cli": {
      "name": "@koda/cli",
      "version": "0.1.0",
      "bin": {
        "koda": "./src/index.ts",
      },
      "dependencies": {
        "@koda/core": "workspace:*",
        "commander": "^13.1.0",
        "picocolors": "^1.1.1",
      },
    },
    "packages/compiler": {
      "name": "@koda/compiler",
      "version": "0.1.0",
      "devDependencies": {
        "typescript": "~5.8.2",
      },
    },
    "packages/core": {
      "name": "@koda/core",
      "version": "0.1.0",
      "dependencies": {
        "@types/marked": "^6.0.0",
        "clsx": "^2.1.1",
        "framer-motion": "^12.26.2",
        "gray-matter": "^4.0.3",
        "hono": "^4.11.4",
        "hono-rate-limiter": "^0.5.3",
        "lucide-react": "^0.562.0",
        "marked": "^17.0.1",
        "react": "^19.2.3",
        "react-router-dom": "^7.12.0",
        "tailwind-merge": "^3.4.0",
        "zod": "^4.3.5",
      },
      "peerDependencies": {
        "react": "^19.0.0",
        "react-dom": "^19.0.0",
      },
    },
    "packages/server": {
      "name": "@koda/server",
      "version": "0.1.0",
      "dependencies": {
        "@koda/core": "workspace:*",
        "hono": "^4.11.4",
        "hono-rate-limiter": "^0.5.3",
      },
    },
    "packages/signals": {
      "name": "@koda/signals",
      "version": "0.1.0",
    },
    "packages/tokens": {
      "name": "@koda/tokens",
      "version": "0.1.0",
      "devDependencies": {
        "typescript": "~5.8.2",
      },
    },
    "packages/ui": {
      "name": "@koda/ui",
      "version": "0.1.0",
      "dependencies": {
        "@koda/signals": "workspace:*",
        "clsx": "^2.1.0",
        "framer-motion": "^12.26.2",
        "lucide-react": "^0.473.0",
        "react": "^19.0.0",
        "react-dom": "^19.0.0",
        "tailwind-merge": "^2.2.0",
      },
      "devDependencies": {
        "@types/node": "^22.14.0",
        "@types/react": "^19.2.9",
        "typescript": "~5.8.2",
      },
      "peerDependencies": {
        "react": "^19.0.0",
        "react-dom": "^19.0.0",
        "vite": ">=5.0.0",
      },
    },
  },
  "packages": {
    "@esbuild/aix-ppc64": ["@esbuild/aix-ppc64@0.27.2", "", { "os": "aix", "cpu": "ppc64" }, "sha512-GZMB+a0mOMZs4MpDbj8RJp4cw+w1WV5NYD6xzgvzUJ5Ek2jerwfO2eADyI6ExDSUED+1X8aMbegahsJi+8mgpw=="],

    "@esbuild/android-arm": ["@esbuild/android-arm@0.27.2", "", { "os": "android", "cpu": "arm" }, "sha512-DVNI8jlPa7Ujbr1yjU2PfUSRtAUZPG9I1RwW4F4xFB1Imiu2on0ADiI/c3td+KmDtVKNbi+nffGDQMfcIMkwIA=="],

    "@esbuild/android-arm64": ["@esbuild/android-arm64@0.27.2", "", { "os": "android", "cpu": "arm64" }, "sha512-pvz8ZZ7ot/RBphf8fv60ljmaoydPU12VuXHImtAs0XhLLw+EXBi2BLe3OYSBslR4rryHvweW5gmkKFwTiFy6KA=="],

    "@esbuild/android-x64": ["@esbuild/android-x64@0.27.2", "", { "os": "android", "cpu": "x64" }, "sha512-z8Ank4Byh4TJJOh4wpz8g2vDy75zFL0TlZlkUkEwYXuPSgX8yzep596n6mT7905kA9uHZsf/o2OJZubl2l3M7A=="],

    "@esbuild/darwin-arm64": ["@esbuild/darwin-arm64@0.27.2", "", { "os": "darwin", "cpu": "arm64" }, "sha512-davCD2Zc80nzDVRwXTcQP/28fiJbcOwvdolL0sOiOsbwBa72kegmVU0Wrh1MYrbuCL98Omp5dVhQFWRKR2ZAlg=="],

    "@esbuild/darwin-x64": ["@esbuild/darwin-x64@0.27.2", "", { "os": "darwin", "cpu": "x64" }, "sha512-ZxtijOmlQCBWGwbVmwOF/UCzuGIbUkqB1faQRf5akQmxRJ1ujusWsb3CVfk/9iZKr2L5SMU5wPBi1UWbvL+VQA=="],

    "@esbuild/freebsd-arm64": ["@esbuild/freebsd-arm64@0.27.2", "", { "os": "freebsd", "cpu": "arm64" }, "sha512-lS/9CN+rgqQ9czogxlMcBMGd+l8Q3Nj1MFQwBZJyoEKI50XGxwuzznYdwcav6lpOGv5BqaZXqvBSiB/kJ5op+g=="],

    "@esbuild/freebsd-x64": ["@esbuild/freebsd-x64@0.27.2", "", { "os": "freebsd", "cpu": "x64" }, "sha512-tAfqtNYb4YgPnJlEFu4c212HYjQWSO/w/h/lQaBK7RbwGIkBOuNKQI9tqWzx7Wtp7bTPaGC6MJvWI608P3wXYA=="],

    "@esbuild/linux-arm": ["@esbuild/linux-arm@0.27.2", "", { "os": "linux", "cpu": "arm" }, "sha512-vWfq4GaIMP9AIe4yj1ZUW18RDhx6EPQKjwe7n8BbIecFtCQG4CfHGaHuh7fdfq+y3LIA2vGS/o9ZBGVxIDi9hw=="],

    "@esbuild/linux-arm64": ["@esbuild/linux-arm64@0.27.2", "", { "os": "linux", "cpu": "arm64" }, "sha512-hYxN8pr66NsCCiRFkHUAsxylNOcAQaxSSkHMMjcpx0si13t1LHFphxJZUiGwojB1a/Hd5OiPIqDdXONia6bhTw=="],

    "@esbuild/linux-ia32": ["@esbuild/linux-ia32@0.27.2", "", { "os": "linux", "cpu": "ia32" }, "sha512-MJt5BRRSScPDwG2hLelYhAAKh9imjHK5+NE/tvnRLbIqUWa+0E9N4WNMjmp/kXXPHZGqPLxggwVhz7QP8CTR8w=="],

    "@esbuild/linux-loong64": ["@esbuild/linux-loong64@0.27.2", "", { "os": "linux", "cpu": "none" }, "sha512-lugyF1atnAT463aO6KPshVCJK5NgRnU4yb3FUumyVz+cGvZbontBgzeGFO1nF+dPueHD367a2ZXe1NtUkAjOtg=="],

    "@esbuild/linux-mips64el": ["@esbuild/linux-mips64el@0.27.2", "", { "os": "linux", "cpu": "none" }, "sha512-nlP2I6ArEBewvJ2gjrrkESEZkB5mIoaTswuqNFRv/WYd+ATtUpe9Y09RnJvgvdag7he0OWgEZWhviS1OTOKixw=="],

    "@esbuild/linux-ppc64": ["@esbuild/linux-ppc64@0.27.2", "", { "os": "linux", "cpu": "ppc64" }, "sha512-C92gnpey7tUQONqg1n6dKVbx3vphKtTHJaNG2Ok9lGwbZil6DrfyecMsp9CrmXGQJmZ7iiVXvvZH6Ml5hL6XdQ=="],

    "@esbuild/linux-riscv64": ["@esbuild/linux-riscv64@0.27.2", "", { "os": "linux", "cpu": "none" }, "sha512-B5BOmojNtUyN8AXlK0QJyvjEZkWwy/FKvakkTDCziX95AowLZKR6aCDhG7LeF7uMCXEJqwa8Bejz5LTPYm8AvA=="],

    "@esbuild/linux-s390x": ["@esbuild/linux-s390x@0.27.2", "", { "os": "linux", "cpu": "s390x" }, "sha512-p4bm9+wsPwup5Z8f4EpfN63qNagQ47Ua2znaqGH6bqLlmJ4bx97Y9JdqxgGZ6Y8xVTixUnEkoKSHcpRlDnNr5w=="],

    "@esbuild/linux-x64": ["@esbuild/linux-x64@0.27.2", "", { "os": "linux", "cpu": "x64" }, "sha512-uwp2Tip5aPmH+NRUwTcfLb+W32WXjpFejTIOWZFw/v7/KnpCDKG66u4DLcurQpiYTiYwQ9B7KOeMJvLCu/OvbA=="],

    "@esbuild/netbsd-arm64": ["@esbuild/netbsd-arm64@0.27.2", "", { "os": "none", "cpu": "arm64" }, "sha512-Kj6DiBlwXrPsCRDeRvGAUb/LNrBASrfqAIok+xB0LxK8CHqxZ037viF13ugfsIpePH93mX7xfJp97cyDuTZ3cw=="],

    "@esbuild/netbsd-x64": ["@esbuild/netbsd-x64@0.27.2", "", { "os": "none", "cpu": "x64" }, "sha512-HwGDZ0VLVBY3Y+Nw0JexZy9o/nUAWq9MlV7cahpaXKW6TOzfVno3y3/M8Ga8u8Yr7GldLOov27xiCnqRZf0tCA=="],

    "@esbuild/openbsd-arm64": ["@esbuild/openbsd-arm64@0.27.2", "", { "os": "openbsd", "cpu": "arm64" }, "sha512-DNIHH2BPQ5551A7oSHD0CKbwIA/Ox7+78/AWkbS5QoRzaqlev2uFayfSxq68EkonB+IKjiuxBFoV8ESJy8bOHA=="],

    "@esbuild/openbsd-x64": ["@esbuild/openbsd-x64@0.27.2", "", { "os": "openbsd", "cpu": "x64" }, "sha512-/it7w9Nb7+0KFIzjalNJVR5bOzA9Vay+yIPLVHfIQYG/j+j9VTH84aNB8ExGKPU4AzfaEvN9/V4HV+F+vo8OEg=="],

    "@esbuild/openharmony-arm64": ["@esbuild/openharmony-arm64@0.27.2", "", { "os": "none", "cpu": "arm64" }, "sha512-LRBbCmiU51IXfeXk59csuX/aSaToeG7w48nMwA6049Y4J4+VbWALAuXcs+qcD04rHDuSCSRKdmY63sruDS5qag=="],

    "@esbuild/sunos-x64": ["@esbuild/sunos-x64@0.27.2", "", { "os": "sunos", "cpu": "x64" }, "sha512-kMtx1yqJHTmqaqHPAzKCAkDaKsffmXkPHThSfRwZGyuqyIeBvf08KSsYXl+abf5HDAPMJIPnbBfXvP2ZC2TfHg=="],

    "@esbuild/win32-arm64": ["@esbuild/win32-arm64@0.27.2", "", { "os": "win32", "cpu": "arm64" }, "sha512-Yaf78O/B3Kkh+nKABUF++bvJv5Ijoy9AN1ww904rOXZFLWVc5OLOfL56W+C8F9xn5JQZa3UX6m+IktJnIb1Jjg=="],

    "@esbuild/win32-ia32": ["@esbuild/win32-ia32@0.27.2", "", { "os": "win32", "cpu": "ia32" }, "sha512-Iuws0kxo4yusk7sw70Xa2E2imZU5HoixzxfGCdxwBdhiDgt9vX9VUCBhqcwY7/uh//78A1hMkkROMJq9l27oLQ=="],

    "@esbuild/win32-x64": ["@esbuild/win32-x64@0.27.2", "", { "os": "win32", "cpu": "x64" }, "sha512-sRdU18mcKf7F+YgheI/zGf5alZatMUTKj/jNS6l744f9u3WFu4v7twcUI9vu4mknF4Y9aDlblIie0IM+5xxaqQ=="],

    "@koda/bridge": ["@koda/bridge@workspace:packages/bridge"],

    "@koda/cli": ["@koda/cli@workspace:packages/cli"],

    "@koda/compiler": ["@koda/compiler@workspace:packages/compiler"],

    "@koda/core": ["@koda/core@workspace:packages/core"],

    "@koda/server": ["@koda/server@workspace:packages/server"],

    "@koda/signals": ["@koda/signals@workspace:packages/signals"],

    "@koda/tokens": ["@koda/tokens@workspace:packages/tokens"],

    "@koda/ui": ["@koda/ui@workspace:packages/ui"],

    "@rollup/rollup-android-arm-eabi": ["@rollup/rollup-android-arm-eabi@4.55.3", "", { "os": "android", "cpu": "arm" }, "sha512-qyX8+93kK/7R5BEXPC2PjUt0+fS/VO2BVHjEHyIEWiYn88rcRBHmdLgoJjktBltgAf+NY7RfCGB1SoyKS/p9kg=="],

    "@rollup/rollup-android-arm64": ["@rollup/rollup-android-arm64@4.55.3", "", { "os": "android", "cpu": "arm64" }, "sha512-6sHrL42bjt5dHQzJ12Q4vMKfN+kUnZ0atHHnv4V0Wd9JMTk7FDzSY35+7qbz3ypQYMBPANbpGK7JpnWNnhGt8g=="],

    "@rollup/rollup-darwin-arm64": ["@rollup/rollup-darwin-arm64@4.55.3", "", { "os": "darwin", "cpu": "arm64" }, "sha512-1ht2SpGIjEl2igJ9AbNpPIKzb1B5goXOcmtD0RFxnwNuMxqkR6AUaaErZz+4o+FKmzxcSNBOLrzsICZVNYa1Rw=="],

    "@rollup/rollup-darwin-x64": ["@rollup/rollup-darwin-x64@4.55.3", "", { "os": "darwin", "cpu": "x64" }, "sha512-FYZ4iVunXxtT+CZqQoPVwPhH7549e/Gy7PIRRtq4t5f/vt54pX6eG9ebttRH6QSH7r/zxAFA4EZGlQ0h0FvXiA=="],

    "@rollup/rollup-freebsd-arm64": ["@rollup/rollup-freebsd-arm64@4.55.3", "", { "os": "freebsd", "cpu": "arm64" }, "sha512-M/mwDCJ4wLsIgyxv2Lj7Len+UMHd4zAXu4GQ2UaCdksStglWhP61U3uowkaYBQBhVoNpwx5Hputo8eSqM7K82Q=="],

    "@rollup/rollup-freebsd-x64": ["@rollup/rollup-freebsd-x64@4.55.3", "", { "os": "freebsd", "cpu": "x64" }, "sha512-5jZT2c7jBCrMegKYTYTpni8mg8y3uY8gzeq2ndFOANwNuC/xJbVAoGKR9LhMDA0H3nIhvaqUoBEuJoICBudFrA=="],

    "@rollup/rollup-linux-arm-gnueabihf": ["@rollup/rollup-linux-arm-gnueabihf@4.55.3", "", { "os": "linux", "cpu": "arm" }, "sha512-YeGUhkN1oA+iSPzzhEjVPS29YbViOr8s4lSsFaZKLHswgqP911xx25fPOyE9+khmN6W4VeM0aevbDp4kkEoHiA=="],

    "@rollup/rollup-linux-arm-musleabihf": ["@rollup/rollup-linux-arm-musleabihf@4.55.3", "", { "os": "linux", "cpu": "arm" }, "sha512-eo0iOIOvcAlWB3Z3eh8pVM8hZ0oVkK3AjEM9nSrkSug2l15qHzF3TOwT0747omI6+CJJvl7drwZepT+re6Fy/w=="],

    "@rollup/rollup-linux-arm64-gnu": ["@rollup/rollup-linux-arm64-gnu@4.55.3", "", { "os": "linux", "cpu": "arm64" }, "sha512-DJay3ep76bKUDImmn//W5SvpjRN5LmK/ntWyeJs/dcnwiiHESd3N4uteK9FDLf0S0W8E6Y0sVRXpOCoQclQqNg=="],

    "@rollup/rollup-linux-arm64-musl": ["@rollup/rollup-linux-arm64-musl@4.55.3", "", { "os": "linux", "cpu": "arm64" }, "sha512-BKKWQkY2WgJ5MC/ayvIJTHjy0JUGb5efaHCUiG/39sSUvAYRBaO3+/EK0AZT1RF3pSj86O24GLLik9mAYu0IJg=="],

    "@rollup/rollup-linux-loong64-gnu": ["@rollup/rollup-linux-loong64-gnu@4.55.3", "", { "os": "linux", "cpu": "none" }, "sha512-Q9nVlWtKAG7ISW80OiZGxTr6rYtyDSkauHUtvkQI6TNOJjFvpj4gcH+KaJihqYInnAzEEUetPQubRwHef4exVg=="],

    "@rollup/rollup-linux-loong64-musl": ["@rollup/rollup-linux-loong64-musl@4.55.3", "", { "os": "linux", "cpu": "none" }, "sha512-2H5LmhzrpC4fFRNwknzmmTvvyJPHwESoJgyReXeFoYYuIDfBhP29TEXOkCJE/KxHi27mj7wDUClNq78ue3QEBQ=="],

    "@rollup/rollup-linux-ppc64-gnu": ["@rollup/rollup-linux-ppc64-gnu@4.55.3", "", { "os": "linux", "cpu": "ppc64" }, "sha512-9S542V0ie9LCTznPYlvaeySwBeIEa7rDBgLHKZ5S9DBgcqdJYburabm8TqiqG6mrdTzfV5uttQRHcbKff9lWtA=="],

    "@rollup/rollup-linux-ppc64-musl": ["@rollup/rollup-linux-ppc64-musl@4.55.3", "", { "os": "linux", "cpu": "ppc64" }, "sha512-ukxw+YH3XXpcezLgbJeasgxyTbdpnNAkrIlFGDl7t+pgCxZ89/6n1a+MxlY7CegU+nDgrgdqDelPRNQ/47zs0g=="],

    "@rollup/rollup-linux-riscv64-gnu": ["@rollup/rollup-linux-riscv64-gnu@4.55.3", "", { "os": "linux", "cpu": "none" }, "sha512-Iauw9UsTTvlF++FhghFJjqYxyXdggXsOqGpFBylaRopVpcbfyIIsNvkf9oGwfgIcf57z3m8+/oSYTo6HutBFNw=="],

    "@rollup/rollup-linux-riscv64-musl": ["@rollup/rollup-linux-riscv64-musl@4.55.3", "", { "os": "linux", "cpu": "none" }, "sha512-3OqKAHSEQXKdq9mQ4eajqUgNIK27VZPW3I26EP8miIzuKzCJ3aW3oEn2pzF+4/Hj/Moc0YDsOtBgT5bZ56/vcA=="],

    "@rollup/rollup-linux-s390x-gnu": ["@rollup/rollup-linux-s390x-gnu@4.55.3", "", { "os": "linux", "cpu": "s390x" }, "sha512-0CM8dSVzVIaqMcXIFej8zZrSFLnGrAE8qlNbbHfTw1EEPnFTg1U1ekI0JdzjPyzSfUsHWtodilQQG/RA55berA=="],

    "@rollup/rollup-linux-x64-gnu": ["@rollup/rollup-linux-x64-gnu@4.55.3", "", { "os": "linux", "cpu": "x64" }, "sha512-+fgJE12FZMIgBaKIAGd45rxf+5ftcycANJRWk8Vz0NnMTM5rADPGuRFTYar+Mqs560xuART7XsX2lSACa1iOmQ=="],

    "@rollup/rollup-linux-x64-musl": ["@rollup/rollup-linux-x64-musl@4.55.3", "", { "os": "linux", "cpu": "x64" }, "sha512-tMD7NnbAolWPzQlJQJjVFh/fNH3K/KnA7K8gv2dJWCwwnaK6DFCYST1QXYWfu5V0cDwarWC8Sf/cfMHniNq21A=="],

    "@rollup/rollup-openbsd-x64": ["@rollup/rollup-openbsd-x64@4.55.3", "", { "os": "openbsd", "cpu": "x64" }, "sha512-u5KsqxOxjEeIbn7bUK1MPM34jrnPwjeqgyin4/N6e/KzXKfpE9Mi0nCxcQjaM9lLmPcHmn/xx1yOjgTMtu1jWQ=="],

    "@rollup/rollup-openharmony-arm64": ["@rollup/rollup-openharmony-arm64@4.55.3", "", { "os": "none", "cpu": "arm64" }, "sha512-vo54aXwjpTtsAnb3ca7Yxs9t2INZg7QdXN/7yaoG7nPGbOBXYXQY41Km+S1Ov26vzOAzLcAjmMdjyEqS1JkVhw=="],

    "@rollup/rollup-win32-arm64-msvc": ["@rollup/rollup-win32-arm64-msvc@4.55.3", "", { "os": "win32", "cpu": "arm64" }, "sha512-HI+PIVZ+m+9AgpnY3pt6rinUdRYrGHvmVdsNQ4odNqQ/eRF78DVpMR7mOq7nW06QxpczibwBmeQzB68wJ+4W4A=="],

    "@rollup/rollup-win32-ia32-msvc": ["@rollup/rollup-win32-ia32-msvc@4.55.3", "", { "os": "win32", "cpu": "ia32" }, "sha512-vRByotbdMo3Wdi+8oC2nVxtc3RkkFKrGaok+a62AT8lz/YBuQjaVYAS5Zcs3tPzW43Vsf9J0wehJbUY5xRSekA=="],

    "@rollup/rollup-win32-x64-gnu": ["@rollup/rollup-win32-x64-gnu@4.55.3", "", { "os": "win32", "cpu": "x64" }, "sha512-POZHq7UeuzMJljC5NjKi8vKMFN6/5EOqcX1yGntNLp7rUTpBAXQ1hW8kWPFxYLv07QMcNM75xqVLGPWQq6TKFA=="],

    "@rollup/rollup-win32-x64-msvc": ["@rollup/rollup-win32-x64-msvc@4.55.3", "", { "os": "win32", "cpu": "x64" }, "sha512-aPFONczE4fUFKNXszdvnd2GqKEYQdV5oEsIbKPujJmWlCI9zEsv1Otig8RKK+X9bed9gFUN6LAeN4ZcNuu4zjg=="],

    "@types/estree": ["@types/estree@1.0.8", "", {}, "sha512-dWHzHa2WqEXI/O1E9OjrocMTKJl2mSrEolh1Iomrv6U+JuNwaHXsXx9bLu5gG7BUWFIN0skIQJQ/L1rIex4X6w=="],

    "@types/marked": ["@types/marked@6.0.0", "", { "dependencies": { "marked": "*" } }, "sha512-jmjpa4BwUsmhxcfsgUit/7A9KbrC48Q0q8KvnY107ogcjGgTFDlIL3RpihNpx2Mu1hM4mdFQjoVc4O6JoGKHsA=="],

    "@types/node": ["@types/node@22.19.7", "", { "dependencies": { "undici-types": "~6.21.0" } }, "sha512-MciR4AKGHWl7xwxkBa6xUGxQJ4VBOmPTF7sL+iGzuahOFaO0jHCsuEfS80pan1ef4gWId1oWOweIhrDEYLuaOw=="],

    "@types/react": ["@types/react@19.2.9", "", { "dependencies": { "csstype": "^3.2.2" } }, "sha512-Lpo8kgb/igvMIPeNV2rsYKTgaORYdO1XGVZ4Qz3akwOj0ySGYMPlQWa8BaLn0G63D1aSaAQ5ldR06wCpChQCjA=="],

    "argparse": ["argparse@1.0.10", "", { "dependencies": { "sprintf-js": "~1.0.2" } }, "sha512-o5Roy6tNG4SL/FOkCAN6RzjiakZS25RLYFrcMttJqbdd8BWrnA+fGz57iN5Pb06pvBGvl5gQ0B48dJlslXvoTg=="],

    "clsx": ["clsx@2.1.1", "", {}, "sha512-eYm0QWBtUrBWZWG0d386OGAw16Z995PiOVo2B7bjWSbHedGl5e0ZWaq65kOGgUSNesEIDkB9ISbTg/JK9dhCZA=="],

    "commander": ["commander@13.1.0", "", {}, "sha512-/rFeCpNJQbhSZjGVwO9RFV3xPqbnERS8MmIQzCtD/zl6gpJuV/bMLuN92oG3F7d8oDEHHRrujSXNUr8fpjntKw=="],

    "cookie": ["cookie@1.1.1", "", {}, "sha512-ei8Aos7ja0weRpFzJnEA9UHJ/7XQmqglbRwnf2ATjcB9Wq874VKH9kfjjirM6UhU2/E5fFYadylyhFldcqSidQ=="],

    "csstype": ["csstype@3.2.3", "", {}, "sha512-z1HGKcYy2xA8AGQfwrn0PAy+PB7X/GSj3UVJW9qKyn43xWa+gl5nXmU4qqLMRzWVLFC8KusUX8T/0kCiOYpAIQ=="],

    "esbuild": ["esbuild@0.27.2", "", { "optionalDependencies": { "@esbuild/aix-ppc64": "0.27.2", "@esbuild/android-arm": "0.27.2", "@esbuild/android-arm64": "0.27.2", "@esbuild/android-x64": "0.27.2", "@esbuild/darwin-arm64": "0.27.2", "@esbuild/darwin-x64": "0.27.2", "@esbuild/freebsd-arm64": "0.27.2", "@esbuild/freebsd-x64": "0.27.2", "@esbuild/linux-arm": "0.27.2", "@esbuild/linux-arm64": "0.27.2", "@esbuild/linux-ia32": "0.27.2", "@esbuild/linux-loong64": "0.27.2", "@esbuild/linux-mips64el": "0.27.2", "@esbuild/linux-ppc64": "0.27.2", "@esbuild/linux-riscv64": "0.27.2", "@esbuild/linux-s390x": "0.27.2", "@esbuild/linux-x64": "0.27.2", "@esbuild/netbsd-arm64": "0.27.2", "@esbuild/netbsd-x64": "0.27.2", "@esbuild/openbsd-arm64": "0.27.2", "@esbuild/openbsd-x64": "0.27.2", "@esbuild/openharmony-arm64": "0.27.2", "@esbuild/sunos-x64": "0.27.2", "@esbuild/win32-arm64": "0.27.2", "@esbuild/win32-ia32": "0.27.2", "@esbuild/win32-x64": "0.27.2" }, "bin": { "esbuild": "bin/esbuild" } }, "sha512-HyNQImnsOC7X9PMNaCIeAm4ISCQXs5a5YasTXVliKv4uuBo1dKrG0A+uQS8M5eXjVMnLg3WgXaKvprHlFJQffw=="],

    "esprima": ["esprima@4.0.1", "", { "bin": { "esparse": "./bin/esparse.js", "esvalidate": "./bin/esvalidate.js" } }, "sha512-eGuFFw7Upda+g4p+QHvnW0RyTX/SVeJBDM/gCtMARO0cLuT2HcEKnTPvhjV6aGeqrCB/sbNop0Kszm0jsaWU4A=="],

    "extend-shallow": ["extend-shallow@2.0.1", "", { "dependencies": { "is-extendable": "^0.1.0" } }, "sha512-zCnTtlxNoAiDc3gqY2aYAWFx7XWWiasuF2K8Me5WbN8otHKTUKBwjPtNpRs/rbUZm7KxWAaNj7P1a/p52GbVug=="],

    "fdir": ["fdir@6.5.0", "", { "peerDependencies": { "picomatch": "^3 || ^4" }, "optionalPeers": ["picomatch"] }, "sha512-tIbYtZbucOs0BRGqPJkshJUYdL+SDH7dVM8gjy+ERp3WAUjLEFJE+02kanyHtwjWOnwrKYBiwAmM0p4kLJAnXg=="],

    "framer-motion": ["framer-motion@12.28.1", "", { "dependencies": { "motion-dom": "^12.28.1", "motion-utils": "^12.27.2", "tslib": "^2.4.0" }, "peerDependencies": { "@emotion/is-prop-valid": "*", "react": "^18.0.0 || ^19.0.0", "react-dom": "^18.0.0 || ^19.0.0" }, "optionalPeers": ["@emotion/is-prop-valid", "react", "react-dom"] }, "sha512-72GkO7DS4FfcSjf26wx0v+rzkW8Fhn4Djh04aDbuEg7NYG8X8MhJZc6/5weG/YeEgIP+fCo8FS2y1HnXH8k8fQ=="],

    "fsevents": ["fsevents@2.3.3", "", { "os": "darwin" }, "sha512-5xoDfX+fL7faATnagmWPpbFtwh/R77WmMMqqHGS65C3vvB0YHrgF+B1YmZ3441tMj5n63k0212XNoJwzlhffQw=="],

    "gray-matter": ["gray-matter@4.0.3", "", { "dependencies": { "js-yaml": "^3.13.1", "kind-of": "^6.0.2", "section-matter": "^1.0.0", "strip-bom-string": "^1.0.0" } }, "sha512-5v6yZd4JK3eMI3FqqCouswVqwugaA9r4dNZB1wwcmrD02QkV5H0y7XBQW8QwQqEaZY1pM9aqORSORhJRdNK44Q=="],

    "hono": ["hono@4.11.5", "", {}, "sha512-WemPi9/WfyMwZs+ZUXdiwcCh9Y+m7L+8vki9MzDw3jJ+W9Lc+12HGsd368Qc1vZi1xwW8BWMMsnK5efYKPdt4g=="],

    "hono-rate-limiter": ["hono-rate-limiter@0.5.3", "", { "peerDependencies": { "hono": "^4.10.8", "unstorage": "^1.17.3" }, "optionalPeers": ["unstorage"] }, "sha512-M0DxbVMpPELEzLi0AJg1XyBHLGJXz7GySjsPoK+gc5YeeBsdGDGe+2RvVuCAv8ydINiwlbxqYMNxUEyYfRji/A=="],

    "is-extendable": ["is-extendable@0.1.1", "", {}, "sha512-5BMULNob1vgFX6EjQw5izWDxrecWK9AM72rugNr0TFldMOi0fj6Jk+zeKIt0xGj4cEfQIJth4w3OKWOJ4f+AFw=="],

    "js-yaml": ["js-yaml@3.14.2", "", { "dependencies": { "argparse": "^1.0.7", "esprima": "^4.0.0" }, "bin": { "js-yaml": "bin/js-yaml.js" } }, "sha512-PMSmkqxr106Xa156c2M265Z+FTrPl+oxd/rgOQy2tijQeK5TxQ43psO1ZCwhVOSdnn+RzkzlRz/eY4BgJBYVpg=="],

    "kind-of": ["kind-of@6.0.3", "", {}, "sha512-dcS1ul+9tmeD95T+x28/ehLgd9mENa3LsvDTtzm3vyBEO7RPptvAD+t44WVXaUjTBRcrpFeFlC8WCruUR456hw=="],

    "lucide-react": ["lucide-react@0.562.0", "", { "peerDependencies": { "react": "^16.5.1 || ^17.0.0 || ^18.0.0 || ^19.0.0" } }, "sha512-82hOAu7y0dbVuFfmO4bYF1XEwYk/mEbM5E+b1jgci/udUBEE/R7LF5Ip0CCEmXe8AybRM8L+04eP+LGZeDvkiw=="],

    "marked": ["marked@17.0.1", "", { "bin": { "marked": "bin/marked.js" } }, "sha512-boeBdiS0ghpWcSwoNm/jJBwdpFaMnZWRzjA6SkUMYb40SVaN1x7mmfGKp0jvexGcx+7y2La5zRZsYFZI6Qpypg=="],

    "motion-dom": ["motion-dom@12.28.1", "", { "dependencies": { "motion-utils": "^12.27.2" } }, "sha512-xqgID69syDvXwFJnUd5bW6ajGUAr/qevRoUe/EqpsXUbVIopyWrAOiwQOhpgVQD+B7Ra60zTdj5gVkmwncebMg=="],

    "motion-utils": ["motion-utils@12.27.2", "", {}, "sha512-B55gcoL85Mcdt2IEStY5EEAsrMSVE2sI14xQ/uAdPL+mfQxhKKFaEag9JmfxedJOR4vZpBGoPeC/Gm13I/4g5Q=="],

    "nanoid": ["nanoid@3.3.11", "", { "bin": { "nanoid": "bin/nanoid.cjs" } }, "sha512-N8SpfPUnUp1bK+PMYW8qSWdl9U+wwNWI4QKxOYDy9JAro3WMX7p2OeVRF9v+347pnakNevPmiHhNmZ2HbFA76w=="],

    "picocolors": ["picocolors@1.1.1", "", {}, "sha512-xceH2snhtb5M9liqDsmEw56le376mTZkEX/jEb/RxNFyegNul7eNslCXP9FDj/Lcu0X8KEyMceP2ntpaHrDEVA=="],

    "picomatch": ["picomatch@4.0.3", "", {}, "sha512-5gTmgEY/sqK6gFXLIsQNH19lWb4ebPDLA4SdLP7dsWkIXHWlG66oPuVvXSGFPppYZz8ZDZq0dYYrbHfBCVUb1Q=="],

    "postcss": ["postcss@8.5.6", "", { "dependencies": { "nanoid": "^3.3.11", "picocolors": "^1.1.1", "source-map-js": "^1.2.1" } }, "sha512-3Ybi1tAuwAP9s0r1UQ2J4n5Y0G05bJkpUIO0/bI9MhwmD70S5aTWbXGBwxHrelT+XM1k6dM0pk+SwNkpTRN7Pg=="],

    "react": ["react@19.2.3", "", {}, "sha512-Ku/hhYbVjOQnXDZFv2+RibmLFGwFdeeKHFcOTlrt7xplBnya5OGn/hIRDsqDiSUcfORsDC7MPxwork8jBwsIWA=="],

    "react-dom": ["react-dom@19.2.3", "", { "dependencies": { "scheduler": "^0.27.0" }, "peerDependencies": { "react": "^19.2.3" } }, "sha512-yELu4WmLPw5Mr/lmeEpox5rw3RETacE++JgHqQzd2dg+YbJuat3jH4ingc+WPZhxaoFzdv9y33G+F7Nl5O0GBg=="],

    "react-router": ["react-router@7.12.0", "", { "dependencies": { "cookie": "^1.0.1", "set-cookie-parser": "^2.6.0" }, "peerDependencies": { "react": ">=18", "react-dom": ">=18" }, "optionalPeers": ["react-dom"] }, "sha512-kTPDYPFzDVGIIGNLS5VJykK0HfHLY5MF3b+xj0/tTyNYL1gF1qs7u67Z9jEhQk2sQ98SUaHxlG31g1JtF7IfVw=="],

    "react-router-dom": ["react-router-dom@7.12.0", "", { "dependencies": { "react-router": "7.12.0" }, "peerDependencies": { "react": ">=18", "react-dom": ">=18" } }, "sha512-pfO9fiBcpEfX4Tx+iTYKDtPbrSLLCbwJ5EqP+SPYQu1VYCXdy79GSj0wttR0U4cikVdlImZuEZ/9ZNCgoaxwBA=="],

    "rollup": ["rollup@4.55.3", "", { "dependencies": { "@types/estree": "1.0.8" }, "optionalDependencies": { "@rollup/rollup-android-arm-eabi": "4.55.3", "@rollup/rollup-android-arm64": "4.55.3", "@rollup/rollup-darwin-arm64": "4.55.3", "@rollup/rollup-darwin-x64": "4.55.3", "@rollup/rollup-freebsd-arm64": "4.55.3", "@rollup/rollup-freebsd-x64": "4.55.3", "@rollup/rollup-linux-arm-gnueabihf": "4.55.3", "@rollup/rollup-linux-arm-musleabihf": "4.55.3", "@rollup/rollup-linux-arm64-gnu": "4.55.3", "@rollup/rollup-linux-arm64-musl": "4.55.3", "@rollup/rollup-linux-loong64-gnu": "4.55.3", "@rollup/rollup-linux-loong64-musl": "4.55.3", "@rollup/rollup-linux-ppc64-gnu": "4.55.3", "@rollup/rollup-linux-ppc64-musl": "4.55.3", "@rollup/rollup-linux-riscv64-gnu": "4.55.3", "@rollup/rollup-linux-riscv64-musl": "4.55.3", "@rollup/rollup-linux-s390x-gnu": "4.55.3", "@rollup/rollup-linux-x64-gnu": "4.55.3", "@rollup/rollup-linux-x64-musl": "4.55.3", "@rollup/rollup-openbsd-x64": "4.55.3", "@rollup/rollup-openharmony-arm64": "4.55.3", "@rollup/rollup-win32-arm64-msvc": "4.55.3", "@rollup/rollup-win32-ia32-msvc": "4.55.3", "@rollup/rollup-win32-x64-gnu": "4.55.3", "@rollup/rollup-win32-x64-msvc": "4.55.3", "fsevents": "~2.3.2" }, "bin": { "rollup": "dist/bin/rollup" } }, "sha512-y9yUpfQvetAjiDLtNMf1hL9NXchIJgWt6zIKeoB+tCd3npX08Eqfzg60V9DhIGVMtQ0AlMkFw5xa+AQ37zxnAA=="],

    "scheduler": ["scheduler@0.27.0", "", {}, "sha512-eNv+WrVbKu1f3vbYJT/xtiF5syA5HPIMtf9IgY/nKg0sWqzAUEvqY/xm7OcZc/qafLx/iO9FgOmeSAp4v5ti/Q=="],

    "section-matter": ["section-matter@1.0.0", "", { "dependencies": { "extend-shallow": "^2.0.1", "kind-of": "^6.0.0" } }, "sha512-vfD3pmTzGpufjScBh50YHKzEu2lxBWhVEHsNGoEXmCmn2hKGfeNLYMzCJpe8cD7gqX7TJluOVpBkAequ6dgMmA=="],

    "set-cookie-parser": ["set-cookie-parser@2.7.2", "", {}, "sha512-oeM1lpU/UvhTxw+g3cIfxXHyJRc/uidd3yK1P242gzHds0udQBYzs3y8j4gCCW+ZJ7ad0yctld8RYO+bdurlvw=="],

    "source-map-js": ["source-map-js@1.2.1", "", {}, "sha512-UXWMKhLOwVKb728IUtQPXxfYU+usdybtUrK/8uGE8CQMvrhOpwvzDBwj0QhSL7MQc7vIsISBG8VQ8+IDQxpfQA=="],

    "sprintf-js": ["sprintf-js@1.0.3", "", {}, "sha512-D9cPgkvLlV3t3IzL0D0YLvGA9Ahk4PcvVwUbN0dSGr1aP0Nrt4AEnTUbuGvquEC0mA64Gqt1fzirlRs5ibXx8g=="],

    "strip-bom-string": ["strip-bom-string@1.0.0", "", {}, "sha512-uCC2VHvQRYu+lMh4My/sFNmF2klFymLX1wHJeXnbEJERpV/ZsVuonzerjfrGpIGF7LBVa1O7i9kjiWvJiFck8g=="],

    "tailwind-merge": ["tailwind-merge@3.4.0", "", {}, "sha512-uSaO4gnW+b3Y2aWoWfFpX62vn2sR3skfhbjsEnaBI81WD1wBLlHZe5sWf0AqjksNdYTbGBEd0UasQMT3SNV15g=="],

    "tinyglobby": ["tinyglobby@0.2.15", "", { "dependencies": { "fdir": "^6.5.0", "picomatch": "^4.0.3" } }, "sha512-j2Zq4NyQYG5XMST4cbs02Ak8iJUdxRM0XI5QyxXuZOzKOINmWurp3smXu3y5wDcJrptwpSjgXHzIQxR0omXljQ=="],

    "tslib": ["tslib@2.8.1", "", {}, "sha512-oJFu94HQb+KVduSUQL7wnpmqnfmLsOA/nAh6b6EH0wCEoK0/mPeXU6c3wKDV83MkOuHPRHtSXKKU99IBazS/2w=="],

    "typescript": ["typescript@5.8.3", "", { "bin": { "tsc": "bin/tsc", "tsserver": "bin/tsserver" } }, "sha512-p1diW6TqL9L07nNxvRMM7hMMw4c5XOo/1ibL4aAIGmSAt9slTE1Xgw5KWuof2uTOvCg9BY7ZRi+GaF+7sfgPeQ=="],

    "undici-types": ["undici-types@6.21.0", "", {}, "sha512-iwDZqg0QAGrg9Rav5H4n0M64c3mkR59cJ6wQp+7C4nI0gsmExaedaYLNO44eT4AtBBwjbTiGPMlt2Md0T9H9JQ=="],

    "vite": ["vite@7.3.1", "", { "dependencies": { "esbuild": "^0.27.0", "fdir": "^6.5.0", "picomatch": "^4.0.3", "postcss": "^8.5.6", "rollup": "^4.43.0", "tinyglobby": "^0.2.15" }, "optionalDependencies": { "fsevents": "~2.3.3" }, "peerDependencies": { "@types/node": "^20.19.0 || >=22.12.0", "jiti": ">=1.21.0", "less": "^4.0.0", "lightningcss": "^1.21.0", "sass": "^1.70.0", "sass-embedded": "^1.70.0", "stylus": ">=0.54.8", "sugarss": "^5.0.0", "terser": "^5.16.0", "tsx": "^4.8.1", "yaml": "^2.4.2" }, "optionalPeers": ["@types/node", "jiti", "less", "lightningcss", "sass", "sass-embedded", "stylus", "sugarss", "terser", "tsx", "yaml"], "bin": { "vite": "bin/vite.js" } }, "sha512-w+N7Hifpc3gRjZ63vYBXA56dvvRlNWRczTdmCBBa+CotUzAPf5b7YMdMR/8CQoeYE5LX3W4wj6RYTgonm1b9DA=="],

    "zod": ["zod@4.3.5", "", {}, "sha512-k7Nwx6vuWx1IJ9Bjuf4Zt1PEllcwe7cls3VNzm4CQ1/hgtFUK2bRNG3rvnpPUhFjmqJKAKtjV576KnUkHocg/g=="],

    "@koda/ui/lucide-react": ["lucide-react@0.473.0", "", { "peerDependencies": { "react": "^16.5.1 || ^17.0.0 || ^18.0.0 || ^19.0.0" } }, "sha512-KW6u5AKeIjkvrxXZ6WuCu9zHE/gEYSXCay+Gre2ZoInD0Je/e3RBtP4OHpJVJ40nDklSvjVKjgH7VU8/e2dzRw=="],

    "@koda/ui/tailwind-merge": ["tailwind-merge@2.6.0", "", {}, "sha512-P+Vu1qXfzediirmHOC3xKGAYeZtPcV9g76X+xg2FD4tYgR71ewMA35Y3sCz3zhiN/dwefRpJX0yBcgwi1fXNQA=="],
  }
}
